// !$*UTF8*$!
{
	archiveVersion = 1;
	classes = {
	};
	objectVersion = 77;
	objects = {

/* Begin PBXBuildFile section */
		A6F195AF2E436A2000E5B512 /* TrainioWatch Watch App.app in Embed Watch Content */ = {isa = PBXBuildFile; fileRef = A6F1958F2E436A1F00E5B512 /* TrainioWatch Watch App.app */; platformFilters = (ios, xros, ); settings = {ATTRIBUTES = (RemoveHeadersOnCopy, ); }; };
/* End PBXBuildFile section */

/* Begin PBXContainerItemProxy section */
		A6F1959C2E436A2000E5B512 /* PBXContainerItemProxy */ = {
			isa = PBXContainerItemProxy;
			containerPortal = A6FB541F2E435BAE0013D1F2 /* Project object */;
			proxyType = 1;
			remoteGlobalIDString = A6F1958E2E436A1F00E5B512;
			remoteInfo = "TrainioWatch Watch App";
		};
		A6F195A62E436A2000E5B512 /* PBXContainerItemProxy */ = {
			isa = PBXContainerItemProxy;
			containerPortal = A6FB541F2E435BAE0013D1F2 /* Project object */;
			proxyType = 1;
			remoteGlobalIDString = A6F1958E2E436A1F00E5B512;
			remoteInfo = "TrainioWatch Watch App";
		};
		A6F195AD2E436A2000E5B512 /* PBXContainerItemProxy */ = {
			isa = PBXContainerItemProxy;
			containerPortal = A6FB541F2E435BAE0013D1F2 /* Project object */;
			proxyType = 1;
			remoteGlobalIDString = A6F1958E2E436A1F00E5B512;
			remoteInfo = "TrainioWatch Watch App";
		};
		A6FB54392E435BAF0013D1F2 /* PBXContainerItemProxy */ = {
			isa = PBXContainerItemProxy;
			containerPortal = A6FB541F2E435BAE0013D1F2 /* Project object */;
			proxyType = 1;
			remoteGlobalIDString = A6FB54262E435BAE0013D1F2;
			remoteInfo = Trainio;
		};
		A6FB54432E435BAF0013D1F2 /* PBXContainerItemProxy */ = {
			isa = PBXContainerItemProxy;
			containerPortal = A6FB541F2E435BAE0013D1F2 /* Project object */;
			proxyType = 1;
			remoteGlobalIDString = A6FB54262E435BAE0013D1F2;
			remoteInfo = Trainio;
		};
/* End PBXContainerItemProxy section */

/* Begin PBXCopyFilesBuildPhase section */
		A6F195B02E436A2000E5B512 /* Embed Watch Content */ = {
			isa = PBXCopyFilesBuildPhase;
			buildActionMask = 2147483647;
			dstPath = "$(CONTENTS_FOLDER_PATH)/Watch";
			dstSubfolderSpec = 16;
			files = (
				A6F195AF2E436A2000E5B512 /* TrainioWatch Watch App.app in Embed Watch Content */,
			);
			name = "Embed Watch Content";
			runOnlyForDeploymentPostprocessing = 0;
		};
/* End PBXCopyFilesBuildPhase section */

/* Begin PBXFileReference section */
		A6F1958F2E436A1F00E5B512 /* TrainioWatch Watch App.app */ = {isa = PBXFileReference; explicitFileType = wrapper.application; includeInIndex = 0; path = "TrainioWatch Watch App.app"; sourceTree = BUILT_PRODUCTS_DIR; };
		A6F1959B2E436A2000E5B512 /* TrainioWatch Watch AppTests.xctest */ = {isa = PBXFileReference; explicitFileType = wrapper.cfbundle; includeInIndex = 0; path = "TrainioWatch Watch AppTests.xctest"; sourceTree = BUILT_PRODUCTS_DIR; };
		A6F195A52E436A2000E5B512 /* TrainioWatch Watch AppUITests.xctest */ = {isa = PBXFileReference; explicitFileType = wrapper.cfbundle; includeInIndex = 0; path = "TrainioWatch Watch AppUITests.xctest"; sourceTree = BUILT_PRODUCTS_DIR; };
		A6FB54272E435BAE0013D1F2 /* Trainio.app */ = {isa = PBXFileReference; explicitFileType = wrapper.application; includeInIndex = 0; path = Trainio.app; sourceTree = BUILT_PRODUCTS_DIR; };
		A6FB54382E435BAF0013D1F2 /* TrainioTests.xctest */ = {isa = PBXFileReference; explicitFileType = wrapper.cfbundle; includeInIndex = 0; path = TrainioTests.xctest; sourceTree = BUILT_PRODUCTS_DIR; };
		A6FB54422E435BAF0013D1F2 /* TrainioUITests.xctest */ = {isa = PBXFileReference; explicitFileType = wrapper.cfbundle; includeInIndex = 0; path = TrainioUITests.xctest; sourceTree = BUILT_PRODUCTS_DIR; };
/* End PBXFileReference section */

/* Begin PBXFileSystemSynchronizedBuildFileExceptionSet section */
		A6F195BD2E436F0400E5B512 /* Exceptions for "Trainio" folder in "TrainioWatch Watch App" target */ = {
			isa = PBXFileSystemSynchronizedBuildFileExceptionSet;
			membershipExceptions = (
				Model/Ejercicio.swift,
				Model/EjercicioRealizado.swift,
				Model/Entrenamiento.swift,
				Model/Serie.swift,
			);
			target = A6F1958E2E436A1F00E5B512 /* TrainioWatch Watch App */;
		};
		A6FB544A2E435BAF0013D1F2 /* Exceptions for "Trainio" folder in "Trainio" target */ = {
			isa = PBXFileSystemSynchronizedBuildFileExceptionSet;
			membershipExceptions = (
				Info.plist,
			);
			target = A6FB54262E435BAE0013D1F2 /* Trainio */;
		};
/* End PBXFileSystemSynchronizedBuildFileExceptionSet section */

/* Begin PBXFileSystemSynchronizedRootGroup section */
		A6F195902E436A1F00E5B512 /* TrainioWatch Watch App */ = {
			isa = PBXFileSystemSynchronizedRootGroup;
			path = "TrainioWatch Watch App";
			sourceTree = "<group>";
		};
		A6F1959E2E436A2000E5B512 /* TrainioWatch Watch AppTests */ = {
			isa = PBXFileSystemSynchronizedRootGroup;
			path = "TrainioWatch Watch AppTests";
			sourceTree = "<group>";
		};
		A6F195A82E436A2000E5B512 /* TrainioWatch Watch AppUITests */ = {
			isa = PBXFileSystemSynchronizedRootGroup;
			path = "TrainioWatch Watch AppUITests";
			sourceTree = "<group>";
		};
		A6FB54292E435BAE0013D1F2 /* Trainio */ = {
			isa = PBXFileSystemSynchronizedRootGroup;
			exceptions = (
				A6FB544A2E435BAF0013D1F2 /* Exceptions for "Trainio" folder in "Trainio" target */,
				A6F195BD2E436F0400E5B512 /* Exceptions for "Trainio" folder in "TrainioWatch Watch App" target */,
			);
			path = Trainio;
			sourceTree = "<group>";
		};
		A6FB543B2E435BAF0013D1F2 /* TrainioTests */ = {
			isa = PBXFileSystemSynchronizedRootGroup;
			path = TrainioTests;
			sourceTree = "<group>";
		};
		A6FB54452E435BAF0013D1F2 /* TrainioUITests */ = {
			isa = PBXFileSystemSynchronizedRootGroup;
			path = TrainioUITests;
			sourceTree = "<group>";
		};
/* End PBXFileSystemSynchronizedRootGroup section */

/* Begin PBXFrameworksBuildPhase section */
		A6F1958C2E436A1F00E5B512 /* Frameworks */ = {
			isa = PBXFrameworksBuildPhase;
			buildActionMask = 2147483647;
			files = (
			);
			runOnlyForDeploymentPostprocessing = 0;
		};
		A6F195982E436A2000E5B512 /* Frameworks */ = {
			isa = PBXFrameworksBuildPhase;
			buildActionMask = 2147483647;
			files = (
			);
			runOnlyForDeploymentPostprocessing = 0;
		};
		A6F195A22E436A2000E5B512 /* Frameworks */ = {
			isa = PBXFrameworksBuildPhase;
			buildActionMask = 2147483647;
			files = (
			);
			runOnlyForDeploymentPostprocessing = 0;
		};
		A6FB54242E435BAE0013D1F2 /* Frameworks */ = {
			isa = PBXFrameworksBuildPhase;
			buildActionMask = 2147483647;
			files = (
			);
			runOnlyForDeploymentPostprocessing = 0;
		};
		A6FB54352E435BAF0013D1F2 /* Frameworks */ = {
			isa = PBXFrameworksBuildPhase;
			buildActionMask = 2147483647;
			files = (
			);
			runOnlyForDeploymentPostprocessing = 0;
		};
		A6FB543F2E435BAF0013D1F2 /* Frameworks */ = {
			isa = PBXFrameworksBuildPhase;
			buildActionMask = 2147483647;
			files = (
			);
			runOnlyForDeploymentPostprocessing = 0;
		};
/* End PBXFrameworksBuildPhase section */

/* Begin PBXGroup section */
		A6FB541E2E435BAE0013D1F2 = {
			isa = PBXGroup;
			children = (
				A6FB54292E435BAE0013D1F2 /* Trainio */,
				A6FB543B2E435BAF0013D1F2 /* TrainioTests */,
				A6FB54452E435BAF0013D1F2 /* TrainioUITests */,
				A6F195902E436A1F00E5B512 /* TrainioWatch Watch App */,
				A6F1959E2E436A2000E5B512 /* TrainioWatch Watch AppTests */,
				A6F195A82E436A2000E5B512 /* TrainioWatch Watch AppUITests */,
				A6FB54282E435BAE0013D1F2 /* Products */,
			);
			sourceTree = "<group>";
		};
		A6FB54282E435BAE0013D1F2 /* Products */ = {
			isa = PBXGroup;
			children = (
				A6FB54272E435BAE0013D1F2 /* Trainio.app */,
				A6FB54382E435BAF0013D1F2 /* TrainioTests.xctest */,
				A6FB54422E435BAF0013D1F2 /* TrainioUITests.xctest */,
				A6F1958F2E436A1F00E5B512 /* TrainioWatch Watch App.app */,
				A6F1959B2E436A2000E5B512 /* TrainioWatch Watch AppTests.xctest */,
				A6F195A52E436A2000E5B512 /* TrainioWatch Watch AppUITests.xctest */,
			);
			name = Products;
			sourceTree = "<group>";
		};
/* End PBXGroup section */

/* Begin PBXNativeTarget section */
		A6F1958E2E436A1F00E5B512 /* TrainioWatch Watch App */ = {
			isa = PBXNativeTarget;
			buildConfigurationList = A6F195B72E436A2000E5B512 /* Build configuration list for PBXNativeTarget "TrainioWatch Watch App" */;
			buildPhases = (
				A6F1958B2E436A1F00E5B512 /* Sources */,
				A6F1958C2E436A1F00E5B512 /* Frameworks */,
				A6F1958D2E436A1F00E5B512 /* Resources */,
			);
			buildRules = (
			);
			dependencies = (
			);
			fileSystemSynchronizedGroups = (
				A6F195902E436A1F00E5B512 /* TrainioWatch Watch App */,
			);
			name = "TrainioWatch Watch App";
			packageProductDependencies = (
			);
			productName = "TrainioWatch Watch App";
			productReference = A6F1958F2E436A1F00E5B512 /* TrainioWatch Watch App.app */;
			productType = "com.apple.product-type.application";
		};
		A6F1959A2E436A2000E5B512 /* TrainioWatch Watch AppTests */ = {
			isa = PBXNativeTarget;
			buildConfigurationList = A6F195B82E436A2000E5B512 /* Build configuration list for PBXNativeTarget "TrainioWatch Watch AppTests" */;
			buildPhases = (
				A6F195972E436A2000E5B512 /* Sources */,
				A6F195982E436A2000E5B512 /* Frameworks */,
				A6F195992E436A2000E5B512 /* Resources */,
			);
			buildRules = (
			);
			dependencies = (
				A6F1959D2E436A2000E5B512 /* PBXTargetDependency */,
			);
			fileSystemSynchronizedGroups = (
				A6F1959E2E436A2000E5B512 /* TrainioWatch Watch AppTests */,
			);
			name = "TrainioWatch Watch AppTests";
			packageProductDependencies = (
			);
			productName = "TrainioWatch Watch AppTests";
			productReference = A6F1959B2E436A2000E5B512 /* TrainioWatch Watch AppTests.xctest */;
			productType = "com.apple.product-type.bundle.unit-test";
		};
		A6F195A42E436A2000E5B512 /* TrainioWatch Watch AppUITests */ = {
			isa = PBXNativeTarget;
			buildConfigurationList = A6F195B92E436A2000E5B512 /* Build configuration list for PBXNativeTarget "TrainioWatch Watch AppUITests" */;
			buildPhases = (
				A6F195A12E436A2000E5B512 /* Sources */,
				A6F195A22E436A2000E5B512 /* Frameworks */,
				A6F195A32E436A2000E5B512 /* Resources */,
			);
			buildRules = (
			);
			dependencies = (
				A6F195A72E436A2000E5B512 /* PBXTargetDependency */,
			);
			fileSystemSynchronizedGroups = (
				A6F195A82E436A2000E5B512 /* TrainioWatch Watch AppUITests */,
			);
			name = "TrainioWatch Watch AppUITests";
			packageProductDependencies = (
			);
			productName = "TrainioWatch Watch AppUITests";
			productReference = A6F195A52E436A2000E5B512 /* TrainioWatch Watch AppUITests.xctest */;
			productType = "com.apple.product-type.bundle.ui-testing";
		};
		A6FB54262E435BAE0013D1F2 /* Trainio */ = {
			isa = PBXNativeTarget;
			buildConfigurationList = A6FB544B2E435BAF0013D1F2 /* Build configuration list for PBXNativeTarget "Trainio" */;
			buildPhases = (
				A6FB54232E435BAE0013D1F2 /* Sources */,
				A6FB54242E435BAE0013D1F2 /* Frameworks */,
				A6FB54252E435BAE0013D1F2 /* Resources */,
				A6F195B02E436A2000E5B512 /* Embed Watch Content */,
			);
			buildRules = (
			);
			dependencies = (
				A6F195AE2E436A2000E5B512 /* PBXTargetDependency */,
			);
			fileSystemSynchronizedGroups = (
				A6FB54292E435BAE0013D1F2 /* Trainio */,
			);
			name = Trainio;
			packageProductDependencies = (
			);
			productName = Trainio;
			productReference = A6FB54272E435BAE0013D1F2 /* Trainio.app */;
			productType = "com.apple.product-type.application";
		};
		A6FB54372E435BAF0013D1F2 /* TrainioTests */ = {
			isa = PBXNativeTarget;
			buildConfigurationList = A6FB54502E435BAF0013D1F2 /* Build configuration list for PBXNativeTarget "TrainioTests" */;
			buildPhases = (
				A6FB54342E435BAF0013D1F2 /* Sources */,
				A6FB54352E435BAF0013D1F2 /* Frameworks */,
				A6FB54362E435BAF0013D1F2 /* Resources */,
			);
			buildRules = (
			);
			dependencies = (
				A6FB543A2E435BAF0013D1F2 /* PBXTargetDependency */,
			);
			fileSystemSynchronizedGroups = (
				A6FB543B2E435BAF0013D1F2 /* TrainioTests */,
			);
			name = TrainioTests;
			packageProductDependencies = (
			);
			productName = TrainioTests;
			productReference = A6FB54382E435BAF0013D1F2 /* TrainioTests.xctest */;
			productType = "com.apple.product-type.bundle.unit-test";
		};
		A6FB54412E435BAF0013D1F2 /* TrainioUITests */ = {
			isa = PBXNativeTarget;
			buildConfigurationList = A6FB54532E435BAF0013D1F2 /* Build configuration list for PBXNativeTarget "TrainioUITests" */;
			buildPhases = (
				A6FB543E2E435BAF0013D1F2 /* Sources */,
				A6FB543F2E435BAF0013D1F2 /* Frameworks */,
				A6FB54402E435BAF0013D1F2 /* Resources */,
			);
			buildRules = (
			);
			dependencies = (
				A6FB54442E435BAF0013D1F2 /* PBXTargetDependency */,
			);
			fileSystemSynchronizedGroups = (
				A6FB54452E435BAF0013D1F2 /* TrainioUITests */,
			);
			name = TrainioUITests;
			packageProductDependencies = (
			);
			productName = TrainioUITests;
			productReference = A6FB54422E435BAF0013D1F2 /* TrainioUITests.xctest */;
			productType = "com.apple.product-type.bundle.ui-testing";
		};
/* End PBXNativeTarget section */

/* Begin PBXProject section */
		A6FB541F2E435BAE0013D1F2 /* Project object */ = {
			isa = PBXProject;
			attributes = {
				BuildIndependentTargetsInParallel = 1;
				LastSwiftUpdateCheck = 2600;
				LastUpgradeCheck = 2600;
				TargetAttributes = {
					A6F1958E2E436A1F00E5B512 = {
						CreatedOnToolsVersion = 26.0;
					};
					A6F1959A2E436A2000E5B512 = {
						CreatedOnToolsVersion = 26.0;
						TestTargetID = A6F1958E2E436A1F00E5B512;
					};
					A6F195A42E436A2000E5B512 = {
						CreatedOnToolsVersion = 26.0;
						TestTargetID = A6F1958E2E436A1F00E5B512;
					};
					A6FB54262E435BAE0013D1F2 = {
						CreatedOnToolsVersion = 26.0;
					};
					A6FB54372E435BAF0013D1F2 = {
						CreatedOnToolsVersion = 26.0;
						TestTargetID = A6FB54262E435BAE0013D1F2;
					};
					A6FB54412E435BAF0013D1F2 = {
						CreatedOnToolsVersion = 26.0;
						TestTargetID = A6FB54262E435BAE0013D1F2;
					};
				};
			};
			buildConfigurationList = A6FB54222E435BAE0013D1F2 /* Build configuration list for PBXProject "Trainio" */;
			developmentRegion = en;
			hasScannedForEncodings = 0;
			knownRegions = (
				en,
				Base,
			);
			mainGroup = A6FB541E2E435BAE0013D1F2;
			minimizedProjectReferenceProxies = 1;
			preferredProjectObjectVersion = 77;
			productRefGroup = A6FB54282E435BAE0013D1F2 /* Products */;
			projectDirPath = "";
			projectRoot = "";
			targets = (
				A6FB54262E435BAE0013D1F2 /* Trainio */,
				A6FB54372E435BAF0013D1F2 /* TrainioTests */,
				A6FB54412E435BAF0013D1F2 /* TrainioUITests */,
				A6F1958E2E436A1F00E5B512 /* TrainioWatch Watch App */,
				A6F1959A2E436A2000E5B512 /* TrainioWatch Watch AppTests */,
				A6F195A42E436A2000E5B512 /* TrainioWatch Watch AppUITests */,
			);
		};
/* End PBXProject section */

/* Begin PBXResourcesBuildPhase section */
		A6F1958D2E436A1F00E5B512 /* Resources */ = {
			isa = PBXResourcesBuildPhase;
			buildActionMask = 2147483647;
			files = (
			);
			runOnlyForDeploymentPostprocessing = 0;
		};
		A6F195992E436A2000E5B512 /* Resources */ = {
			isa = PBXResourcesBuildPhase;
			buildActionMask = 2147483647;
			files = (
			);
			runOnlyForDeploymentPostprocessing = 0;
		};
		A6F195A32E436A2000E5B512 /* Resources */ = {
			isa = PBXResourcesBuildPhase;
			buildActionMask = 2147483647;
			files = (
			);
			runOnlyForDeploymentPostprocessing = 0;
		};
		A6FB54252E435BAE0013D1F2 /* Resources */ = {
			isa = PBXResourcesBuildPhase;
			buildActionMask = 2147483647;
			files = (
			);
			runOnlyForDeploymentPostprocessing = 0;
		};
		A6FB54362E435BAF0013D1F2 /* Resources */ = {
			isa = PBXResourcesBuildPhase;
			buildActionMask = 2147483647;
			files = (
			);
			runOnlyForDeploymentPostprocessing = 0;
		};
		A6FB54402E435BAF0013D1F2 /* Resources */ = {
			isa = PBXResourcesBuildPhase;
			buildActionMask = 2147483647;
			files = (
			);
			runOnlyForDeploymentPostprocessing = 0;
		};
/* End PBXResourcesBuildPhase section */

/* Begin PBXSourcesBuildPhase section */
		A6F1958B2E436A1F00E5B512 /* Sources */ = {
			isa = PBXSourcesBuildPhase;
			buildActionMask = 2147483647;
			files = (
			);
			runOnlyForDeploymentPostprocessing = 0;
		};
		A6F195972E436A2000E5B512 /* Sources */ = {
			isa = PBXSourcesBuildPhase;
			buildActionMask = 2147483647;
			files = (
			);
			runOnlyForDeploymentPostprocessing = 0;
		};
		A6F195A12E436A2000E5B512 /* Sources */ = {
			isa = PBXSourcesBuildPhase;
			buildActionMask = 2147483647;
			files = (
			);
			runOnlyForDeploymentPostprocessing = 0;
		};
		A6FB54232E435BAE0013D1F2 /* Sources */ = {
			isa = PBXSourcesBuildPhase;
			buildActionMask = 2147483647;
			files = (
			);
			runOnlyForDeploymentPostprocessing = 0;
		};
		A6FB54342E435BAF0013D1F2 /* Sources */ = {
			isa = PBXSourcesBuildPhase;
			buildActionMask = 2147483647;
			files = (
			);
			runOnlyForDeploymentPostprocessing = 0;
		};
		A6FB543E2E435BAF0013D1F2 /* Sources */ = {
			isa = PBXSourcesBuildPhase;
			buildActionMask = 2147483647;
			files = (
			);
			runOnlyForDeploymentPostprocessing = 0;
		};
/* End PBXSourcesBuildPhase section */

/* Begin PBXTargetDependency section */
		A6F1959D2E436A2000E5B512 /* PBXTargetDependency */ = {
			isa = PBXTargetDependency;
			target = A6F1958E2E436A1F00E5B512 /* TrainioWatch Watch App */;
			targetProxy = A6F1959C2E436A2000E5B512 /* PBXContainerItemProxy */;
		};
		A6F195A72E436A2000E5B512 /* PBXTargetDependency */ = {
			isa = PBXTargetDependency;
			target = A6F1958E2E436A1F00E5B512 /* TrainioWatch Watch App */;
			targetProxy = A6F195A62E436A2000E5B512 /* PBXContainerItemProxy */;
		};
		A6F195AE2E436A2000E5B512 /* PBXTargetDependency */ = {
			isa = PBXTargetDependency;
			platformFilters = (
				ios,
				xros,
			);
			target = A6F1958E2E436A1F00E5B512 /* TrainioWatch Watch App */;
			targetProxy = A6F195AD2E436A2000E5B512 /* PBXContainerItemProxy */;
		};
		A6FB543A2E435BAF0013D1F2 /* PBXTargetDependency */ = {
			isa = PBXTargetDependency;
			target = A6FB54262E435BAE0013D1F2 /* Trainio */;
			targetProxy = A6FB54392E435BAF0013D1F2 /* PBXContainerItemProxy */;
		};
		A6FB54442E435BAF0013D1F2 /* PBXTargetDependency */ = {
			isa = PBXTargetDependency;
			target = A6FB54262E435BAE0013D1F2 /* Trainio */;
			targetProxy = A6FB54432E435BAF0013D1F2 /* PBXContainerItemProxy */;
		};
/* End PBXTargetDependency section */

/* Begin XCBuildConfiguration section */
		A6F195B12E436A2000E5B512 /* Debug */ = {
			isa = XCBuildConfiguration;
			buildSettings = {
				ASSETCATALOG_COMPILER_APPICON_NAME = AppIcon;
				ASSETCATALOG_COMPILER_GLOBAL_ACCENT_COLOR_NAME = AccentColor;
				CODE_SIGN_ENTITLEMENTS = "TrainioWatch Watch App/TrainioWatch Watch App.entitlements";
				CODE_SIGN_STYLE = Automatic;
				CURRENT_PROJECT_VERSION = 1;
				DEVELOPMENT_TEAM = 6PUHQ5CYQS;
				ENABLE_PREVIEWS = YES;
				GENERATE_INFOPLIST_FILE = YES;
				INFOPLIST_FILE = "TrainioWatch-Watch-App-Info.plist";
				INFOPLIST_KEY_CFBundleDisplayName = TrainioWatch;
				INFOPLIST_KEY_UISupportedInterfaceOrientations = "UIInterfaceOrientationPortrait UIInterfaceOrientationPortraitUpsideDown";
				INFOPLIST_KEY_WKCompanionAppBundleIdentifier = com.sergiocomeron.Trainio;
				LD_RUNPATH_SEARCH_PATHS = (
					"$(inherited)",
					"@executable_path/Frameworks",
				);
				MARKETING_VERSION = 1.0;
				PRODUCT_BUNDLE_IDENTIFIER = com.sergiocomeron.Trainio.watchkitapp;
				PRODUCT_NAME = "$(TARGET_NAME)";
				SDKROOT = watchos;
				SKIP_INSTALL = YES;
				STRING_CATALOG_GENERATE_SYMBOLS = YES;
				SWIFT_APPROACHABLE_CONCURRENCY = YES;
				SWIFT_DEFAULT_ACTOR_ISOLATION = MainActor;
				SWIFT_EMIT_LOC_STRINGS = YES;
				SWIFT_UPCOMING_FEATURE_MEMBER_IMPORT_VISIBILITY = YES;
				SWIFT_VERSION = 5.0;
				TARGETED_DEVICE_FAMILY = 4;
				WATCHOS_DEPLOYMENT_TARGET = 26.0;
			};
			name = Debug;
		};
		A6F195B22E436A2000E5B512 /* Release */ = {
			isa = XCBuildConfiguration;
			buildSettings = {
				ASSETCATALOG_COMPILER_APPICON_NAME = AppIcon;
				ASSETCATALOG_COMPILER_GLOBAL_ACCENT_COLOR_NAME = AccentColor;
				CODE_SIGN_ENTITLEMENTS = "TrainioWatch Watch App/TrainioWatch Watch App.entitlements";
				CODE_SIGN_STYLE = Automatic;
				CURRENT_PROJECT_VERSION = 1;
				DEVELOPMENT_TEAM = 6PUHQ5CYQS;
				ENABLE_PREVIEWS = YES;
				GENERATE_INFOPLIST_FILE = YES;
				INFOPLIST_FILE = "TrainioWatch-Watch-App-Info.plist";
				INFOPLIST_KEY_CFBundleDisplayName = TrainioWatch;
				INFOPLIST_KEY_UISupportedInterfaceOrientations = "UIInterfaceOrientationPortrait UIInterfaceOrientationPortraitUpsideDown";
				INFOPLIST_KEY_WKCompanionAppBundleIdentifier = com.sergiocomeron.Trainio;
				LD_RUNPATH_SEARCH_PATHS = (
					"$(inherited)",
					"@executable_path/Frameworks",
				);
				MARKETING_VERSION = 1.0;
				PRODUCT_BUNDLE_IDENTIFIER = com.sergiocomeron.Trainio.watchkitapp;
				PRODUCT_NAME = "$(TARGET_NAME)";
				SDKROOT = watchos;
				SKIP_INSTALL = YES;
				STRING_CATALOG_GENERATE_SYMBOLS = YES;
				SWIFT_APPROACHABLE_CONCURRENCY = YES;
				SWIFT_DEFAULT_ACTOR_ISOLATION = MainActor;
				SWIFT_EMIT_LOC_STRINGS = YES;
				SWIFT_UPCOMING_FEATURE_MEMBER_IMPORT_VISIBILITY = YES;
				SWIFT_VERSION = 5.0;
				TARGETED_DEVICE_FAMILY = 4;
				VALIDATE_PRODUCT = YES;
				WATCHOS_DEPLOYMENT_TARGET = 26.0;
			};
			name = Release;
		};
		A6F195B32E436A2000E5B512 /* Debug */ = {
			isa = XCBuildConfiguration;
			buildSettings = {
				BUNDLE_LOADER = "$(TEST_HOST)";
				CODE_SIGN_STYLE = Automatic;
				CURRENT_PROJECT_VERSION = 1;
				DEVELOPMENT_TEAM = 6PUHQ5CYQS;
				GENERATE_INFOPLIST_FILE = YES;
				MARKETING_VERSION = 1.0;
				PRODUCT_BUNDLE_IDENTIFIER = "com.sergiocomeron.TrainioWatch-Watch-AppTests";
				PRODUCT_NAME = "$(TARGET_NAME)";
				SDKROOT = watchos;
				STRING_CATALOG_GENERATE_SYMBOLS = NO;
				SWIFT_APPROACHABLE_CONCURRENCY = YES;
				SWIFT_EMIT_LOC_STRINGS = NO;
				SWIFT_UPCOMING_FEATURE_MEMBER_IMPORT_VISIBILITY = YES;
				SWIFT_VERSION = 5.0;
				TARGETED_DEVICE_FAMILY = 4;
				TEST_HOST = "$(BUILT_PRODUCTS_DIR)/TrainioWatch Watch App.app/$(BUNDLE_EXECUTABLE_FOLDER_PATH)/TrainioWatch Watch App";
				WATCHOS_DEPLOYMENT_TARGET = 26.0;
			};
			name = Debug;
		};
		A6F195B42E436A2000E5B512 /* Release */ = {
			isa = XCBuildConfiguration;
			buildSettings = {
				BUNDLE_LOADER = "$(TEST_HOST)";
				CODE_SIGN_STYLE = Automatic;
				CURRENT_PROJECT_VERSION = 1;
				DEVELOPMENT_TEAM = 6PUHQ5CYQS;
				GENERATE_INFOPLIST_FILE = YES;
				MARKETING_VERSION = 1.0;
				PRODUCT_BUNDLE_IDENTIFIER = "com.sergiocomeron.TrainioWatch-Watch-AppTests";
				PRODUCT_NAME = "$(TARGET_NAME)";
				SDKROOT = watchos;
				STRING_CATALOG_GENERATE_SYMBOLS = NO;
				SWIFT_APPROACHABLE_CONCURRENCY = YES;
				SWIFT_EMIT_LOC_STRINGS = NO;
				SWIFT_UPCOMING_FEATURE_MEMBER_IMPORT_VISIBILITY = YES;
				SWIFT_VERSION = 5.0;
				TARGETED_DEVICE_FAMILY = 4;
				TEST_HOST = "$(BUILT_PRODUCTS_DIR)/TrainioWatch Watch App.app/$(BUNDLE_EXECUTABLE_FOLDER_PATH)/TrainioWatch Watch App";
				VALIDATE_PRODUCT = YES;
				WATCHOS_DEPLOYMENT_TARGET = 26.0;
			};
			name = Release;
		};
		A6F195B52E436A2000E5B512 /* Debug */ = {
			isa = XCBuildConfiguration;
			buildSettings = {
				CODE_SIGN_STYLE = Automatic;
				CURRENT_PROJECT_VERSION = 1;
				DEVELOPMENT_TEAM = 6PUHQ5CYQS;
				GENERATE_INFOPLIST_FILE = YES;
				MARKETING_VERSION = 1.0;
				PRODUCT_BUNDLE_IDENTIFIER = "com.sergiocomeron.TrainioWatch-Watch-AppUITests";
				PRODUCT_NAME = "$(TARGET_NAME)";
				SDKROOT = watchos;
				STRING_CATALOG_GENERATE_SYMBOLS = NO;
				SWIFT_APPROACHABLE_CONCURRENCY = YES;
				SWIFT_EMIT_LOC_STRINGS = NO;
				SWIFT_UPCOMING_FEATURE_MEMBER_IMPORT_VISIBILITY = YES;
				SWIFT_VERSION = 5.0;
				TARGETED_DEVICE_FAMILY = 4;
				TEST_TARGET_NAME = "TrainioWatch Watch App";
				WATCHOS_DEPLOYMENT_TARGET = 26.0;
			};
			name = Debug;
		};
		A6F195B62E436A2000E5B512 /* Release */ = {
			isa = XCBuildConfiguration;
			buildSettings = {
				CODE_SIGN_STYLE = Automatic;
				CURRENT_PROJECT_VERSION = 1;
				DEVELOPMENT_TEAM = 6PUHQ5CYQS;
				GENERATE_INFOPLIST_FILE = YES;
				MARKETING_VERSION = 1.0;
				PRODUCT_BUNDLE_IDENTIFIER = "com.sergiocomeron.TrainioWatch-Watch-AppUITests";
				PRODUCT_NAME = "$(TARGET_NAME)";
				SDKROOT = watchos;
				STRING_CATALOG_GENERATE_SYMBOLS = NO;
				SWIFT_APPROACHABLE_CONCURRENCY = YES;
				SWIFT_EMIT_LOC_STRINGS = NO;
				SWIFT_UPCOMING_FEATURE_MEMBER_IMPORT_VISIBILITY = YES;
				SWIFT_VERSION = 5.0;
				TARGETED_DEVICE_FAMILY = 4;
				TEST_TARGET_NAME = "TrainioWatch Watch App";
				VALIDATE_PRODUCT = YES;
				WATCHOS_DEPLOYMENT_TARGET = 26.0;
			};
			name = Release;
		};
		A6FB544C2E435BAF0013D1F2 /* Debug */ = {
			isa = XCBuildConfiguration;
			buildSettings = {
				ASSETCATALOG_COMPILER_APPICON_NAME = AppIcon;
				ASSETCATALOG_COMPILER_GLOBAL_ACCENT_COLOR_NAME = AccentColor;
				CODE_SIGN_ENTITLEMENTS = Trainio/Trainio.entitlements;
				CODE_SIGN_STYLE = Automatic;
				CURRENT_PROJECT_VERSION = 1;
				DEVELOPMENT_TEAM = 6PUHQ5CYQS;
				ENABLE_APP_SANDBOX = YES;
				ENABLE_HARDENED_RUNTIME = YES;
				ENABLE_PREVIEWS = YES;
				ENABLE_USER_SELECTED_FILES = readonly;
				GENERATE_INFOPLIST_FILE = YES;
				INFOPLIST_FILE = Trainio/Info.plist;
				"INFOPLIST_KEY_UIApplicationSceneManifest_Generation[sdk=iphoneos*]" = YES;
				"INFOPLIST_KEY_UIApplicationSceneManifest_Generation[sdk=iphonesimulator*]" = YES;
				"INFOPLIST_KEY_UIApplicationSupportsIndirectInputEvents[sdk=iphoneos*]" = YES;
				"INFOPLIST_KEY_UIApplicationSupportsIndirectInputEvents[sdk=iphonesimulator*]" = YES;
				"INFOPLIST_KEY_UILaunchScreen_Generation[sdk=iphoneos*]" = YES;
				"INFOPLIST_KEY_UILaunchScreen_Generation[sdk=iphonesimulator*]" = YES;
				"INFOPLIST_KEY_UIStatusBarStyle[sdk=iphoneos*]" = UIStatusBarStyleDefault;
				"INFOPLIST_KEY_UIStatusBarStyle[sdk=iphonesimulator*]" = UIStatusBarStyleDefault;
				INFOPLIST_KEY_UISupportedInterfaceOrientations_iPad = "UIInterfaceOrientationPortrait UIInterfaceOrientationPortraitUpsideDown UIInterfaceOrientationLandscapeLeft UIInterfaceOrientationLandscapeRight";
				INFOPLIST_KEY_UISupportedInterfaceOrientations_iPhone = "UIInterfaceOrientationPortrait UIInterfaceOrientationLandscapeLeft UIInterfaceOrientationLandscapeRight";
				IPHONEOS_DEPLOYMENT_TARGET = 26.0;
				LD_RUNPATH_SEARCH_PATHS = "@executable_path/Frameworks";
				"LD_RUNPATH_SEARCH_PATHS[sdk=macosx*]" = "@executable_path/../Frameworks";
				MACOSX_DEPLOYMENT_TARGET = 26.0;
				MARKETING_VERSION = 1.0;
				PRODUCT_BUNDLE_IDENTIFIER = com.sergiocomeron.Trainio;
				PRODUCT_NAME = "$(TARGET_NAME)";
				REGISTER_APP_GROUPS = YES;
				SDKROOT = auto;
				STRING_CATALOG_GENERATE_SYMBOLS = YES;
				SUPPORTED_PLATFORMS = "iphoneos iphonesimulator macosx xros xrsimulator";
				SWIFT_APPROACHABLE_CONCURRENCY = YES;
				SWIFT_DEFAULT_ACTOR_ISOLATION = MainActor;
				SWIFT_EMIT_LOC_STRINGS = YES;
				SWIFT_UPCOMING_FEATURE_MEMBER_IMPORT_VISIBILITY = YES;
				SWIFT_VERSION = 5.0;
				TARGETED_DEVICE_FAMILY = "1,2,7";
				XROS_DEPLOYMENT_TARGET = 26.0;
			};
			name = Debug;
		};
		A6FB544D2E435BAF0013D1F2 /* Release */ = {
			isa = XCBuildConfiguration;
			buildSettings = {
				ASSETCATALOG_COMPILER_APPICON_NAME = AppIcon;
				ASSETCATALOG_COMPILER_GLOBAL_ACCENT_COLOR_NAME = AccentColor;
				CODE_SIGN_ENTITLEMENTS = Trainio/Trainio.entitlements;
				CODE_SIGN_STYLE = Automatic;
				CURRENT_PROJECT_VERSION = 1;
				DEVELOPMENT_TEAM = 6PUHQ5CYQS;
				ENABLE_APP_SANDBOX = YES;
				ENABLE_HARDENED_RUNTIME = YES;
				ENABLE_PREVIEWS = YES;
				ENABLE_USER_SELECTED_FILES = readonly;
				GENERATE_INFOPLIST_FILE = YES;
				INFOPLIST_FILE = Trainio/Info.plist;
				"INFOPLIST_KEY_UIApplicationSceneManifest_Generation[sdk=iphoneos*]" = YES;
				"INFOPLIST_KEY_UIApplicationSceneManifest_Generation[sdk=iphonesimulator*]" = YES;
				"INFOPLIST_KEY_UIApplicationSupportsIndirectInputEvents[sdk=iphoneos*]" = YES;
				"INFOPLIST_KEY_UIApplicationSupportsIndirectInputEvents[sdk=iphonesimulator*]" = YES;
				"INFOPLIST_KEY_UILaunchScreen_Generation[sdk=iphoneos*]" = YES;
				"INFOPLIST_KEY_UILaunchScreen_Generation[sdk=iphonesimulator*]" = YES;
				"INFOPLIST_KEY_UIStatusBarStyle[sdk=iphoneos*]" = UIStatusBarStyleDefault;
				"INFOPLIST_KEY_UIStatusBarStyle[sdk=iphonesimulator*]" = UIStatusBarStyleDefault;
				INFOPLIST_KEY_UISupportedInterfaceOrientations_iPad = "UIInterfaceOrientationPortrait UIInterfaceOrientationPortraitUpsideDown UIInterfaceOrientationLandscapeLeft UIInterfaceOrientationLandscapeRight";
				INFOPLIST_KEY_UISupportedInterfaceOrientations_iPhone = "UIInterfaceOrientationPortrait UIInterfaceOrientationLandscapeLeft UIInterfaceOrientationLandscapeRight";
				IPHONEOS_DEPLOYMENT_TARGET = 26.0;
				LD_RUNPATH_SEARCH_PATHS = "@executable_path/Frameworks";
				"LD_RUNPATH_SEARCH_PATHS[sdk=macosx*]" = "@executable_path/../Frameworks";
				MACOSX_DEPLOYMENT_TARGET = 26.0;
				MARKETING_VERSION = 1.0;
				PRODUCT_BUNDLE_IDENTIFIER = com.sergiocomeron.Trainio;
				PRODUCT_NAME = "$(TARGET_NAME)";
				REGISTER_APP_GROUPS = YES;
				SDKROOT = auto;
				STRING_CATALOG_GENERATE_SYMBOLS = YES;
				SUPPORTED_PLATFORMS = "iphoneos iphonesimulator macosx xros xrsimulator";
				SWIFT_APPROACHABLE_CONCURRENCY = YES;
				SWIFT_DEFAULT_ACTOR_ISOLATION = MainActor;
				SWIFT_EMIT_LOC_STRINGS = YES;
				SWIFT_UPCOMING_FEATURE_MEMBER_IMPORT_VISIBILITY = YES;
				SWIFT_VERSION = 5.0;
				TARGETED_DEVICE_FAMILY = "1,2,7";
				XROS_DEPLOYMENT_TARGET = 26.0;
			};
			name = Release;
		};
		A6FB544E2E435BAF0013D1F2 /* Debug */ = {
			isa = XCBuildConfiguration;
			buildSettings = {
				ALWAYS_SEARCH_USER_PATHS = NO;
				ASSETCATALOG_COMPILER_GENERATE_SWIFT_ASSET_SYMBOL_EXTENSIONS = YES;
				CLANG_ANALYZER_NONNULL = YES;
				CLANG_ANALYZER_NUMBER_OBJECT_CONVERSION = YES_AGGRESSIVE;
				CLANG_CXX_LANGUAGE_STANDARD = "gnu++20";
				CLANG_ENABLE_MODULES = YES;
				CLANG_ENABLE_OBJC_ARC = YES;
				CLANG_ENABLE_OBJC_WEAK = YES;
				CLANG_WARN_BLOCK_CAPTURE_AUTORELEASING = YES;
				CLANG_WARN_BOOL_CONVERSION = YES;
				CLANG_WARN_COMMA = YES;
				CLANG_WARN_CONSTANT_CONVERSION = YES;
				CLANG_WARN_DEPRECATED_OBJC_IMPLEMENTATIONS = YES;
				CLANG_WARN_DIRECT_OBJC_ISA_USAGE = YES_ERROR;
				CLANG_WARN_DOCUMENTATION_COMMENTS = YES;
				CLANG_WARN_EMPTY_BODY = YES;
				CLANG_WARN_ENUM_CONVERSION = YES;
				CLANG_WARN_INFINITE_RECURSION = YES;
				CLANG_WARN_INT_CONVERSION = YES;
				CLANG_WARN_NON_LITERAL_NULL_CONVERSION = YES;
				CLANG_WARN_OBJC_IMPLICIT_RETAIN_SELF = YES;
				CLANG_WARN_OBJC_LITERAL_CONVERSION = YES;
				CLANG_WARN_OBJC_ROOT_CLASS = YES_ERROR;
				CLANG_WARN_QUOTED_INCLUDE_IN_FRAMEWORK_HEADER = YES;
				CLANG_WARN_RANGE_LOOP_ANALYSIS = YES;
				CLANG_WARN_STRICT_PROTOTYPES = YES;
				CLANG_WARN_SUSPICIOUS_MOVE = YES;
				CLANG_WARN_UNGUARDED_AVAILABILITY = YES_AGGRESSIVE;
				CLANG_WARN_UNREACHABLE_CODE = YES;
				CLANG_WARN__DUPLICATE_METHOD_MATCH = YES;
				COPY_PHASE_STRIP = NO;
				DEBUG_INFORMATION_FORMAT = dwarf;
				DEVELOPMENT_TEAM = 6PUHQ5CYQS;
				ENABLE_STRICT_OBJC_MSGSEND = YES;
				ENABLE_TESTABILITY = YES;
				ENABLE_USER_SCRIPT_SANDBOXING = YES;
				GCC_C_LANGUAGE_STANDARD = gnu17;
				GCC_DYNAMIC_NO_PIC = NO;
				GCC_NO_COMMON_BLOCKS = YES;
				GCC_OPTIMIZATION_LEVEL = 0;
				GCC_PREPROCESSOR_DEFINITIONS = (
					"DEBUG=1",
					"$(inherited)",
				);
				GCC_WARN_64_TO_32_BIT_CONVERSION = YES;
				GCC_WARN_ABOUT_RETURN_TYPE = YES_ERROR;
				GCC_WARN_UNDECLARED_SELECTOR = YES;
				GCC_WARN_UNINITIALIZED_AUTOS = YES_AGGRESSIVE;
				GCC_WARN_UNUSED_FUNCTION = YES;
				GCC_WARN_UNUSED_VARIABLE = YES;
				LOCALIZATION_PREFERS_STRING_CATALOGS = YES;
				MTL_ENABLE_DEBUG_INFO = INCLUDE_SOURCE;
				MTL_FAST_MATH = YES;
				ONLY_ACTIVE_ARCH = YES;
				SWIFT_ACTIVE_COMPILATION_CONDITIONS = "DEBUG $(inherited)";
				SWIFT_OPTIMIZATION_LEVEL = "-Onone";
			};
			name = Debug;
		};
		A6FB544F2E435BAF0013D1F2 /* Release */ = {
			isa = XCBuildConfiguration;
			buildSettings = {
				ALWAYS_SEARCH_USER_PATHS = NO;
				ASSETCATALOG_COMPILER_GENERATE_SWIFT_ASSET_SYMBOL_EXTENSIONS = YES;
				CLANG_ANALYZER_NONNULL = YES;
				CLANG_ANALYZER_NUMBER_OBJECT_CONVERSION = YES_AGGRESSIVE;
				CLANG_CXX_LANGUAGE_STANDARD = "gnu++20";
				CLANG_ENABLE_MODULES = YES;
				CLANG_ENABLE_OBJC_ARC = YES;
				CLANG_ENABLE_OBJC_WEAK = YES;
				CLANG_WARN_BLOCK_CAPTURE_AUTORELEASING = YES;
				CLANG_WARN_BOOL_CONVERSION = YES;
				CLANG_WARN_COMMA = YES;
				CLANG_WARN_CONSTANT_CONVERSION = YES;
				CLANG_WARN_DEPRECATED_OBJC_IMPLEMENTATIONS = YES;
				CLANG_WARN_DIRECT_OBJC_ISA_USAGE = YES_ERROR;
				CLANG_WARN_DOCUMENTATION_COMMENTS = YES;
				CLANG_WARN_EMPTY_BODY = YES;
				CLANG_WARN_ENUM_CONVERSION = YES;
				CLANG_WARN_INFINITE_RECURSION = YES;
				CLANG_WARN_INT_CONVERSION = YES;
				CLANG_WARN_NON_LITERAL_NULL_CONVERSION = YES;
				CLANG_WARN_OBJC_IMPLICIT_RETAIN_SELF = YES;
				CLANG_WARN_OBJC_LITERAL_CONVERSION = YES;
				CLANG_WARN_OBJC_ROOT_CLASS = YES_ERROR;
				CLANG_WARN_QUOTED_INCLUDE_IN_FRAMEWORK_HEADER = YES;
				CLANG_WARN_RANGE_LOOP_ANALYSIS = YES;
				CLANG_WARN_STRICT_PROTOTYPES = YES;
				CLANG_WARN_SUSPICIOUS_MOVE = YES;
				CLANG_WARN_UNGUARDED_AVAILABILITY = YES_AGGRESSIVE;
				CLANG_WARN_UNREACHABLE_CODE = YES;
				CLANG_WARN__DUPLICATE_METHOD_MATCH = YES;
				COPY_PHASE_STRIP = NO;
				DEBUG_INFORMATION_FORMAT = "dwarf-with-dsym";
				DEVELOPMENT_TEAM = 6PUHQ5CYQS;
				ENABLE_NS_ASSERTIONS = NO;
				ENABLE_STRICT_OBJC_MSGSEND = YES;
				ENABLE_USER_SCRIPT_SANDBOXING = YES;
				GCC_C_LANGUAGE_STANDARD = gnu17;
				GCC_NO_COMMON_BLOCKS = YES;
				GCC_WARN_64_TO_32_BIT_CONVERSION = YES;
				GCC_WARN_ABOUT_RETURN_TYPE = YES_ERROR;
				GCC_WARN_UNDECLARED_SELECTOR = YES;
				GCC_WARN_UNINITIALIZED_AUTOS = YES_AGGRESSIVE;
				GCC_WARN_UNUSED_FUNCTION = YES;
				GCC_WARN_UNUSED_VARIABLE = YES;
				LOCALIZATION_PREFERS_STRING_CATALOGS = YES;
				MTL_ENABLE_DEBUG_INFO = NO;
				MTL_FAST_MATH = YES;
				SWIFT_COMPILATION_MODE = wholemodule;
			};
			name = Release;
		};
		A6FB54512E435BAF0013D1F2 /* Debug */ = {
			isa = XCBuildConfiguration;
			buildSettings = {
				BUNDLE_LOADER = "$(TEST_HOST)";
				CODE_SIGN_STYLE = Automatic;
				CURRENT_PROJECT_VERSION = 1;
				DEVELOPMENT_TEAM = 6PUHQ5CYQS;
				GENERATE_INFOPLIST_FILE = YES;
				IPHONEOS_DEPLOYMENT_TARGET = 26.0;
				MACOSX_DEPLOYMENT_TARGET = 26.0;
				MARKETING_VERSION = 1.0;
				PRODUCT_BUNDLE_IDENTIFIER = com.sergiocomeron.TrainioTests;
				PRODUCT_NAME = "$(TARGET_NAME)";
				SDKROOT = auto;
				STRING_CATALOG_GENERATE_SYMBOLS = NO;
				SUPPORTED_PLATFORMS = "iphoneos iphonesimulator macosx xros xrsimulator";
				SWIFT_APPROACHABLE_CONCURRENCY = YES;
				SWIFT_EMIT_LOC_STRINGS = NO;
				SWIFT_UPCOMING_FEATURE_MEMBER_IMPORT_VISIBILITY = YES;
				SWIFT_VERSION = 5.0;
				TARGETED_DEVICE_FAMILY = "1,2,7";
				TEST_HOST = "$(BUILT_PRODUCTS_DIR)/Trainio.app/$(BUNDLE_EXECUTABLE_FOLDER_PATH)/Trainio";
				XROS_DEPLOYMENT_TARGET = 26.0;
			};
			name = Debug;
		};
		A6FB54522E435BAF0013D1F2 /* Release */ = {
			isa = XCBuildConfiguration;
			buildSettings = {
				BUNDLE_LOADER = "$(TEST_HOST)";
				CODE_SIGN_STYLE = Automatic;
				CURRENT_PROJECT_VERSION = 1;
				DEVELOPMENT_TEAM = 6PUHQ5CYQS;
				GENERATE_INFOPLIST_FILE = YES;
				IPHONEOS_DEPLOYMENT_TARGET = 26.0;
				MACOSX_DEPLOYMENT_TARGET = 26.0;
				MARKETING_VERSION = 1.0;
				PRODUCT_BUNDLE_IDENTIFIER = com.sergiocomeron.TrainioTests;
				PRODUCT_NAME = "$(TARGET_NAME)";
				SDKROOT = auto;
				STRING_CATALOG_GENERATE_SYMBOLS = NO;
				SUPPORTED_PLATFORMS = "iphoneos iphonesimulator macosx xros xrsimulator";
				SWIFT_APPROACHABLE_CONCURRENCY = YES;
				SWIFT_EMIT_LOC_STRINGS = NO;
				SWIFT_UPCOMING_FEATURE_MEMBER_IMPORT_VISIBILITY = YES;
				SWIFT_VERSION = 5.0;
				TARGETED_DEVICE_FAMILY = "1,2,7";
				TEST_HOST = "$(BUILT_PRODUCTS_DIR)/Trainio.app/$(BUNDLE_EXECUTABLE_FOLDER_PATH)/Trainio";
				XROS_DEPLOYMENT_TARGET = 26.0;
			};
			name = Release;
		};
		A6FB54542E435BAF0013D1F2 /* Debug */ = {
			isa = XCBuildConfiguration;
			buildSettings = {
				CODE_SIGN_STYLE = Automatic;
				CURRENT_PROJECT_VERSION = 1;
				DEVELOPMENT_TEAM = 6PUHQ5CYQS;
				GENERATE_INFOPLIST_FILE = YES;
				IPHONEOS_DEPLOYMENT_TARGET = 26.0;
				MACOSX_DEPLOYMENT_TARGET = 26.0;
				MARKETING_VERSION = 1.0;
				PRODUCT_BUNDLE_IDENTIFIER = com.sergiocomeron.TrainioUITests;
				PRODUCT_NAME = "$(TARGET_NAME)";
				SDKROOT = auto;
				STRING_CATALOG_GENERATE_SYMBOLS = NO;
				SUPPORTED_PLATFORMS = "iphoneos iphonesimulator macosx xros xrsimulator";
				SWIFT_APPROACHABLE_CONCURRENCY = YES;
				SWIFT_EMIT_LOC_STRINGS = NO;
				SWIFT_UPCOMING_FEATURE_MEMBER_IMPORT_VISIBILITY = YES;
				SWIFT_VERSION = 5.0;
				TARGETED_DEVICE_FAMILY = "1,2,7";
				TEST_TARGET_NAME = Trainio;
				XROS_DEPLOYMENT_TARGET = 26.0;
			};
			name = Debug;
		};
		A6FB54552E435BAF0013D1F2 /* Release */ = {
			isa = XCBuildConfiguration;
			buildSettings = {
				CODE_SIGN_STYLE = Automatic;
				CURRENT_PROJECT_VERSION = 1;
				DEVELOPMENT_TEAM = 6PUHQ5CYQS;
				GENERATE_INFOPLIST_FILE = YES;
				IPHONEOS_DEPLOYMENT_TARGET = 26.0;
				MACOSX_DEPLOYMENT_TARGET = 26.0;
				MARKETING_VERSION = 1.0;
				PRODUCT_BUNDLE_IDENTIFIER = com.sergiocomeron.TrainioUITests;
				PRODUCT_NAME = "$(TARGET_NAME)";
				SDKROOT = auto;
				STRING_CATALOG_GENERATE_SYMBOLS = NO;
				SUPPORTED_PLATFORMS = "iphoneos iphonesimulator macosx xros xrsimulator";
				SWIFT_APPROACHABLE_CONCURRENCY = YES;
				SWIFT_EMIT_LOC_STRINGS = NO;
				SWIFT_UPCOMING_FEATURE_MEMBER_IMPORT_VISIBILITY = YES;
				SWIFT_VERSION = 5.0;
				TARGETED_DEVICE_FAMILY = "1,2,7";
				TEST_TARGET_NAME = Trainio;
				XROS_DEPLOYMENT_TARGET = 26.0;
			};
			name = Release;
		};
/* End XCBuildConfiguration section */

/* Begin XCConfigurationList section */
		A6F195B72E436A2000E5B512 /* Build configuration list for PBXNativeTarget "TrainioWatch Watch App" */ = {
			isa = XCConfigurationList;
			buildConfigurations = (
				A6F195B12E436A2000E5B512 /* Debug */,
				A6F195B22E436A2000E5B512 /* Release */,
			);
			defaultConfigurationIsVisible = 0;
			defaultConfigurationName = Release;
		};
		A6F195B82E436A2000E5B512 /* Build configuration list for PBXNativeTarget "TrainioWatch Watch AppTests" */ = {
			isa = XCConfigurationList;
			buildConfigurations = (
				A6F195B32E436A2000E5B512 /* Debug */,
				A6F195B42E436A2000E5B512 /* Release */,
			);
			defaultConfigurationIsVisible = 0;
			defaultConfigurationName = Release;
		};
		A6F195B92E436A2000E5B512 /* Build configuration list for PBXNativeTarget "TrainioWatch Watch AppUITests" */ = {
			isa = XCConfigurationList;
			buildConfigurations = (
				A6F195B52E436A2000E5B512 /* Debug */,
				A6F195B62E436A2000E5B512 /* Release */,
			);
			defaultConfigurationIsVisible = 0;
			defaultConfigurationName = Release;
		};
		A6FB54222E435BAE0013D1F2 /* Build configuration list for PBXProject "Trainio" */ = {
			isa = XCConfigurationList;
			buildConfigurations = (
				A6FB544E2E435BAF0013D1F2 /* Debug */,
				A6FB544F2E435BAF0013D1F2 /* Release */,
			);
			defaultConfigurationIsVisible = 0;
			defaultConfigurationName = Release;
		};
		A6FB544B2E435BAF0013D1F2 /* Build configuration list for PBXNativeTarget "Trainio" */ = {
			isa = XCConfigurationList;
			buildConfigurations = (
				A6FB544C2E435BAF0013D1F2 /* Debug */,
				A6FB544D2E435BAF0013D1F2 /* Release */,
			);
			defaultConfigurationIsVisible = 0;
			defaultConfigurationName = Release;
		};
		A6FB54502E435BAF0013D1F2 /* Build configuration list for PBXNativeTarget "TrainioTests" */ = {
			isa = XCConfigurationList;
			buildConfigurations = (
				A6FB54512E435BAF0013D1F2 /* Debug */,
				A6FB54522E435BAF0013D1F2 /* Release */,
			);
			defaultConfigurationIsVisible = 0;
			defaultConfigurationName = Release;
		};
		A6FB54532E435BAF0013D1F2 /* Build configuration list for PBXNativeTarget "TrainioUITests" */ = {
			isa = XCConfigurationList;
			buildConfigurations = (
				A6FB54542E435BAF0013D1F2 /* Debug */,
				A6FB54552E435BAF0013D1F2 /* Release */,
			);
			defaultConfigurationIsVisible = 0;
			defaultConfigurationName = Release;
		};
/* End XCConfigurationList section */
	};
	rootObject = A6FB541F2E435BAE0013D1F2 /* Project object */;
}
